// !$*UTF8*$!
{
	archiveVersion = 1;
	classes = {
	};
	objectVersion = 54;
	objects = {

/* Begin PBXBuildFile section */
		"02FB7F0A-C059-4BB2-92AA-ED273B4502B6" /* ofxUDPManager.cpp in Sources */ = {isa = PBXBuildFile; fileRef = "2F28EB17-A326-4D34-AA25-62AB666C0EF7" /* ofxUDPManager.cpp */; };
		"171B0372-013A-420B-8C97-1E36D2038E2C" /* ofxTCPClient.cpp in Sources */ = {isa = PBXBuildFile; fileRef = "B7FCC894-C9D5-40C4-B177-7D962C66D7BD" /* ofxTCPClient.cpp */; };
		"188A287E-662A-47A7-B852-CDEA2BE0AF9A" /* ofxGuiGroup.cpp in Sources */ = {isa = PBXBuildFile; fileRef = "1C96D5B5-947A-48F2-A436-D61CC8DCE8BC" /* ofxGuiGroup.cpp */; };
		"22A826AA-C647-4F45-AB04-D6FFA73BFDC9" /* Shadow.cpp in Sources */ = {isa = PBXBuildFile; fileRef = "08374E2B-DA71-429B-87EF-F3E5AD0030BB" /* Shadow.cpp */; };
		"236113C1-8F1B-490D-8D6E-C90FD86281EE" /* Sliver.cpp in Sources */ = {isa = PBXBuildFile; fileRef = "B51FFBC7-6EC2-4451-A772-F017BEF31388" /* Sliver.cpp */; };
		"2A2BC4B9-911A-4792-B640-ED35F67EB175" /* ofxTCPManager.cpp in Sources */ = {isa = PBXBuildFile; fileRef = "D8BB4A7F-6C03-4CBD-85C4-295E17600210" /* ofxTCPManager.cpp */; };
		"2AD79144-1403-4E56-9E76-88CCF5AA5BB1" /* ofxOscBundle.cpp in Sources */ = {isa = PBXBuildFile; fileRef = "49005DBC-F8A5-44FF-B01A-12B701C34A1A" /* ofxOscBundle.cpp */; };
		"307254DF-7FEA-4C8F-999F-59A53FB1A9AF" /* ofxColorPicker.cpp in Sources */ = {isa = PBXBuildFile; fileRef = "2CC44F96-970C-4FCF-9D83-B2DD7452BD96" /* ofxColorPicker.cpp */; };
		"32D1FE86-E099-4A80-8175-22F50DB1A966" /* ofxOscReceiver.cpp in Sources */ = {isa = PBXBuildFile; fileRef = "EABD3BB8-9632-42A8-8F88-12AA586B1346" /* ofxOscReceiver.cpp */; };
		"3B41D986-C399-4F4A-A68C-576726780FB0" /* LEDs.cpp in Sources */ = {isa = PBXBuildFile; fileRef = "DC681036-C3A1-4EFD-A282-BA18C775AB76" /* LEDs.cpp */; };
		"3E8222D8-B6F6-465B-A089-7359134B25BC" /* OscPrintReceivedElements.cpp in Sources */ = {isa = PBXBuildFile; fileRef = "DB1FFE40-AA32-4BB2-884E-C4A19DE06B72" /* OscPrintReceivedElements.cpp */; };
		"4AACB6B2-BB50-43C2-B4F7-331CC815DDDB" /* Footfall.cpp in Sources */ = {isa = PBXBuildFile; fileRef = "C9D735DB-9202-4F61-8407-FB0B01A905F5" /* Footfall.cpp */; };
		"59B30C46-C2C8-4038-8B19-DC8DCCED7459" /* ofxSliderGroup.cpp in Sources */ = {isa = PBXBuildFile; fileRef = "AD4FF98F-9AFF-48AB-ACF9-C5E4DE15CC38" /* ofxSliderGroup.cpp */; };
		"5FA1B64C-E320-4E6E-BD57-C66FCEF91345" /* Crack.cpp in Sources */ = {isa = PBXBuildFile; fileRef = "DEB15A17-15BC-4C04-86F9-CF03C48CD82A" /* Crack.cpp */; };
		"609D2DAB-3231-4D5F-8E83-39DBEFB6B5F6" /* UdpSocket.cpp in Sources */ = {isa = PBXBuildFile; fileRef = "9F750C5C-D1D1-4536-A5BB-76C811127D29" /* UdpSocket.cpp */; };
		"66CA1E54-BAC8-4A24-9748-7B180ABCF9DE" /* OscOutboundPacketStream.cpp in Sources */ = {isa = PBXBuildFile; fileRef = "14286B03-54A2-4741-B6A9-DCE7741519A3" /* OscOutboundPacketStream.cpp */; };
		"6E0103B6-1DA2-4922-9702-5FF0561D071D" /* ofxInputField.cpp in Sources */ = {isa = PBXBuildFile; fileRef = "A9160387-8C4D-43B9-8CBC-8A9EFA5AC6A8" /* ofxInputField.cpp */; };
		"701FBBEC-3FCE-4483-ADD1-08828C84D2FF" /* LED.cpp in Sources */ = {isa = PBXBuildFile; fileRef = "AE7DD06D-1213-4459-A72D-BF585DC57F2F" /* LED.cpp */; };
		"750E740D-9E6C-4997-B66C-DE9EE2DEE356" /* OscTypes.cpp in Sources */ = {isa = PBXBuildFile; fileRef = "35EE53A3-1537-4015-84A2-656A21065A0A" /* OscTypes.cpp */; };
		"79AFF8A6-2504-40D5-995A-1BBED7F65130" /* OscReceivedElements.cpp in Sources */ = {isa = PBXBuildFile; fileRef = "4D77BE4D-8734-4BD9-AA49-52148DDD4FCA" /* OscReceivedElements.cpp */; };
		"7F7476B0-5950-4B3F-AC7C-8C1A46323C6E" /* Presence.cpp in Sources */ = {isa = PBXBuildFile; fileRef = "EFE87803-EF9B-48CC-8615-49C159BB4D67" /* Presence.cpp */; };
		"838AAFDE-84A2-422F-9353-2869A891AEDB" /* ofxOscMessage.cpp in Sources */ = {isa = PBXBuildFile; fileRef = "32ACA337-493F-426F-AC7E-5173D5667B31" /* ofxOscMessage.cpp */; };
		"930988B5-0BC4-44D3-8056-B6BE88C3E50B" /* ofxLabel.cpp in Sources */ = {isa = PBXBuildFile; fileRef = "E4B065FD-6FB9-4355-AD0B-214309FAF0A9" /* ofxLabel.cpp */; };
		"961980C0-4D7C-4CE2-A948-B42AC821AEB6" /* ofxNetworkUtils.cpp in Sources */ = {isa = PBXBuildFile; fileRef = "3C29B8E6-EE18-4DD5-B332-D7A436A6B09C" /* ofxNetworkUtils.cpp */; };
		"9779628F-987C-43F1-BCF5-161B77E21EC6" /* Neighbor.cpp in Sources */ = {isa = PBXBuildFile; fileRef = "49657D16-066D-4CFC-8296-642797D4E986" /* Neighbor.cpp */; };
		"9F7D337D-C05E-4CEC-A1DD-2F5B096D0725" /* NetworkingUtils.cpp in Sources */ = {isa = PBXBuildFile; fileRef = "421A72BB-19B9-47DD-8913-01928CD04CC8" /* NetworkingUtils.cpp */; };
		"A0C20E4D-BFCF-40A5-B9BE-DB45943A551A" /* IpEndpointName.cpp in Sources */ = {isa = PBXBuildFile; fileRef = "8B9CA171-F0A6-463B-9B87-7EE7C7A8052D" /* IpEndpointName.cpp */; };
		"A6EDC9BC-BDA8-4424-BC3E-22FF5341B1D8" /* ParticleSystem.cpp in Sources */ = {isa = PBXBuildFile; fileRef = "0ED7299D-DC9D-440A-BDE3-738D7D6405E4" /* ParticleSystem.cpp */; };
		"AB7DC531-337B-4139-9806-18EED4CC924A" /* ofxOscSender.cpp in Sources */ = {isa = PBXBuildFile; fileRef = "385388EB-75F6-4CFE-AB97-01D11FFC7223" /* ofxOscSender.cpp */; };
		"AD331F92-3E8D-4D89-B871-49FFD8B93131" /* ofxButton.cpp in Sources */ = {isa = PBXBuildFile; fileRef = "EEB34B87-C4DB-4C6B-9B4A-3A17186457ED" /* ofxButton.cpp */; };
		"AF5BD9B1-C9E8-4A40-A11D-F66DF4B4FE00" /* ofxSlider.cpp in Sources */ = {isa = PBXBuildFile; fileRef = "658F4D69-15FA-4E0D-B9CD-6CBB8A415638" /* ofxSlider.cpp */; };
		"AF68601D-35FD-42EA-8B54-460AD8AFDB8F" /* Ocean.cpp in Sources */ = {isa = PBXBuildFile; fileRef = "D999FE75-2D85-4663-8A12-58985025F31F" /* Ocean.cpp */; };
		"B2AA2A4F-B375-4821-922E-6E74D41202AF" /* FluidSystem2D.cpp in Sources */ = {isa = PBXBuildFile; fileRef = "7A385C5C-59BE-43EB-B702-1FD2B3112CAB" /* FluidSystem2D.cpp */; };
		"B737EDA6-3B4C-4318-8445-F533D5792F15" /* ofxPanel.cpp in Sources */ = {isa = PBXBuildFile; fileRef = "FE1DF0C8-C3D2-4C83-93B3-91D5D74A6D9C" /* ofxPanel.cpp */; };
		"BDC64731-A92E-4F82-9C3F-4D6FDCE6A6F2" /* Particle.cpp in Sources */ = {isa = PBXBuildFile; fileRef = "2DD6B335-2136-403A-B54B-210F4855AA48" /* Particle.cpp */; };
		"D0BCE8E8-326D-4F36-9FD5-79A4B83C1A8A" /* ofxTCPServer.cpp in Sources */ = {isa = PBXBuildFile; fileRef = "96AB71C8-C290-4C77-B6EC-9515FEDF3D6C" /* ofxTCPServer.cpp */; };
		"DBE9FF3B-2DEF-4CAE-B2D1-6B996F1F1A0C" /* ofxToggle.cpp in Sources */ = {isa = PBXBuildFile; fileRef = "2C8D16FE-3A5F-4580-9C07-6F01B4793A67" /* ofxToggle.cpp */; };
		"DEDA6ED5-0752-4C88-8A7C-E7ADED8CB46A" /* ofxOscParameterSync.cpp in Sources */ = {isa = PBXBuildFile; fileRef = "964EC59C-2311-485E-AB8A-98E5FDC8E0BA" /* ofxOscParameterSync.cpp */; };
		E4B69E200A3A1BDC003C02F2 /* main.cpp in Sources */ = {isa = PBXBuildFile; fileRef = E4B69E1D0A3A1BDC003C02F2 /* main.cpp */; };
		E4B69E210A3A1BDC003C02F2 /* ofApp.cpp in Sources */ = {isa = PBXBuildFile; fileRef = E4B69E1E0A3A1BDC003C02F2 /* ofApp.cpp */; };
		"E95A3C6D-E488-4EB4-9896-522811DAECCD" /* Footfalls.cpp in Sources */ = {isa = PBXBuildFile; fileRef = "C5D95B4E-4DA0-4727-B75F-B773A07565D1" /* Footfalls.cpp */; };
		"E965740B-9675-4611-9328-00AEE306A28D" /* Kernels.cpp in Sources */ = {isa = PBXBuildFile; fileRef = "C9964FA2-EFB4-48D5-A476-514A4BB9B113" /* Kernels.cpp */; };
		"ECB7646D-8418-497B-A7CE-F952CC2EF6A1" /* ofxBaseGui.cpp in Sources */ = {isa = PBXBuildFile; fileRef = "DCF9CDBA-D441-494E-A629-C4E3486B64C6" /* ofxBaseGui.cpp */; };
/* End PBXBuildFile section */

/* Begin PBXCopyFilesBuildPhase section */
		E4A5B60F29BAAAE400C2D356 /* CopyFiles */ = {
			isa = PBXCopyFilesBuildPhase;
			buildActionMask = 2147483647;
			dstPath = "";
			dstSubfolderSpec = 6;
			files = (
			);
			runOnlyForDeploymentPostprocessing = 0;
		};
		E4C2427710CC5ABF004149E2 /* CopyFiles */ = {
			isa = PBXCopyFilesBuildPhase;
			buildActionMask = 2147483647;
			dstPath = "";
			dstSubfolderSpec = 10;
			files = (
			);
			runOnlyForDeploymentPostprocessing = 0;
		};
/* End PBXCopyFilesBuildPhase section */

/* Begin PBXFileReference section */
		"03758D4C-1450-47DD-8B91-8CC87C194C4A" /* Kernels.hpp */ = {isa = PBXFileReference; explicitFileType = sourcecode.c.h; fileEncoding = 4; name = Kernels.hpp; path = src/FluidSimulation/Kernels.hpp; sourceTree = SOURCE_ROOT; };
		"03D2798C-E41D-440A-8C7F-9654FBB89686" /* ofxTCPManager.h */ = {isa = PBXFileReference; explicitFileType = sourcecode.c.h; fileEncoding = 4; name = ofxTCPManager.h; path = ../../../../addons/ofxNetwork/src/ofxTCPManager.h; sourceTree = SOURCE_ROOT; };
		"045A306D-5001-47B4-8030-D20C76307292" /* Shadow.hpp */ = {isa = PBXFileReference; explicitFileType = sourcecode.c.h; fileEncoding = 4; name = Shadow.hpp; path = src/Shadow.hpp; sourceTree = SOURCE_ROOT; };
		06F4DB482ECCF583005072BA /* averageLED.frag */ = {isa = PBXFileReference; lastKnownFileType = sourcecode.glsl; path = averageLED.frag; sourceTree = "<group>"; };
		06F4DB492ECCF583005072BA /* averageLED.vert */ = {isa = PBXFileReference; lastKnownFileType = sourcecode.glsl; path = averageLED.vert; sourceTree = "<group>"; };
		"08374E2B-DA71-429B-87EF-F3E5AD0030BB" /* Shadow.cpp */ = {isa = PBXFileReference; explicitFileType = sourcecode.cpp.cpp; fileEncoding = 4; name = Shadow.cpp; path = src/Shadow.cpp; sourceTree = SOURCE_ROOT; };
		"0E8DD59B-F422-48E5-BED5-7000F438DCBC" /* ofxInputField.h */ = {isa = PBXFileReference; explicitFileType = sourcecode.c.h; fileEncoding = 4; name = ofxInputField.h; path = ../../../../addons/ofxGui/src/ofxInputField.h; sourceTree = SOURCE_ROOT; };
		"0ED7299D-DC9D-440A-BDE3-738D7D6405E4" /* ParticleSystem.cpp */ = {isa = PBXFileReference; explicitFileType = sourcecode.cpp.cpp; fileEncoding = 4; name = ParticleSystem.cpp; path = src/Particles/ParticleSystem.cpp; sourceTree = SOURCE_ROOT; };
		"11A28C57-40D7-41C5-A883-AD3C32046B8C" /* ofxNetwork.h */ = {isa = PBXFileReference; explicitFileType = sourcecode.c.h; fileEncoding = 4; name = ofxNetwork.h; path = ../../../../addons/ofxNetwork/src/ofxNetwork.h; sourceTree = SOURCE_ROOT; };
		"132A36C8-6ABF-4ADF-A49D-DB6D38CA5C0D" /* ofxButton.h */ = {isa = PBXFileReference; explicitFileType = sourcecode.c.h; fileEncoding = 4; name = ofxButton.h; path = ../../../../addons/ofxGui/src/ofxButton.h; sourceTree = SOURCE_ROOT; };
		"14286B03-54A2-4741-B6A9-DCE7741519A3" /* OscOutboundPacketStream.cpp */ = {isa = PBXFileReference; explicitFileType = sourcecode.cpp.cpp; fileEncoding = 4; name = OscOutboundPacketStream.cpp; path = ../../../../addons/ofxOsc/libs/oscpack/src/osc/OscOutboundPacketStream.cpp; sourceTree = SOURCE_ROOT; };
		"15D8DBE7-90B5-40D2-AE94-98F8BFFD4077" /* ofxNetworkUtils.h */ = {isa = PBXFileReference; explicitFileType = sourcecode.c.h; fileEncoding = 4; name = ofxNetworkUtils.h; path = ../../../../addons/ofxNetwork/src/ofxNetworkUtils.h; sourceTree = SOURCE_ROOT; };
		"1788A233-CD56-4C23-BD6E-F18215EF996F" /* LED.hpp */ = {isa = PBXFileReference; explicitFileType = sourcecode.c.h; fileEncoding = 4; name = LED.hpp; path = src/LED.hpp; sourceTree = SOURCE_ROOT; };
		"17BA019C-9CE0-46F0-97A8-1966EDEE4010" /* ofxGuiUtils.h */ = {isa = PBXFileReference; explicitFileType = sourcecode.c.h; fileEncoding = 4; name = ofxGuiUtils.h; path = ../../../../addons/ofxGui/src/ofxGuiUtils.h; sourceTree = SOURCE_ROOT; };
		191CD6FA2847E21E0085CBB6 /* of.entitlements */ = {isa = PBXFileReference; fileEncoding = 4; lastKnownFileType = text.plist.entitlements; path = of.entitlements; sourceTree = "<group>"; };
		191EF70929D778A400F35F26 /* openFrameworks */ = {isa = PBXFileReference; lastKnownFileType = folder; name = openFrameworks; path = ../../../../libs/openFrameworks; sourceTree = SOURCE_ROOT; };
		"1AF9EE48-708D-43B9-9599-CA6514E7B3C5" /* ofxOsc.h */ = {isa = PBXFileReference; explicitFileType = sourcecode.c.h; fileEncoding = 4; name = ofxOsc.h; path = ../../../../addons/ofxOsc/src/ofxOsc.h; sourceTree = SOURCE_ROOT; };
		"1C96D5B5-947A-48F2-A436-D61CC8DCE8BC" /* ofxGuiGroup.cpp */ = {isa = PBXFileReference; explicitFileType = sourcecode.cpp.cpp; fileEncoding = 4; name = ofxGuiGroup.cpp; path = ../../../../addons/ofxGui/src/ofxGuiGroup.cpp; sourceTree = SOURCE_ROOT; };
		"2987BF2B-C08F-4246-8740-4760777F4ACB" /* Particle.hpp */ = {isa = PBXFileReference; explicitFileType = sourcecode.c.h; fileEncoding = 4; name = Particle.hpp; path = src/Particles/Particle.hpp; sourceTree = SOURCE_ROOT; };
		"2C8D16FE-3A5F-4580-9C07-6F01B4793A67" /* ofxToggle.cpp */ = {isa = PBXFileReference; explicitFileType = sourcecode.cpp.cpp; fileEncoding = 4; name = ofxToggle.cpp; path = ../../../../addons/ofxGui/src/ofxToggle.cpp; sourceTree = SOURCE_ROOT; };
		"2CC44F96-970C-4FCF-9D83-B2DD7452BD96" /* ofxColorPicker.cpp */ = {isa = PBXFileReference; explicitFileType = sourcecode.cpp.cpp; fileEncoding = 4; name = ofxColorPicker.cpp; path = ../../../../addons/ofxGui/src/ofxColorPicker.cpp; sourceTree = SOURCE_ROOT; };
		"2DD6B335-2136-403A-B54B-210F4855AA48" /* Particle.cpp */ = {isa = PBXFileReference; explicitFileType = sourcecode.cpp.cpp; fileEncoding = 4; name = Particle.cpp; path = src/Particles/Particle.cpp; sourceTree = SOURCE_ROOT; };
		"2F28EB17-A326-4D34-AA25-62AB666C0EF7" /* ofxUDPManager.cpp */ = {isa = PBXFileReference; explicitFileType = sourcecode.cpp.cpp; fileEncoding = 4; name = ofxUDPManager.cpp; path = ../../../../addons/ofxNetwork/src/ofxUDPManager.cpp; sourceTree = SOURCE_ROOT; };
		"2FDB37FF-9854-4D57-9D46-E8AD194F6932" /* ofxTCPSettings.h */ = {isa = PBXFileReference; explicitFileType = sourcecode.c.h; fileEncoding = 4; name = ofxTCPSettings.h; path = ../../../../addons/ofxNetwork/src/ofxTCPSettings.h; sourceTree = SOURCE_ROOT; };
		"306F67EA-D50D-47E1-99BD-295164D5DE41" /* ofxLabel.h */ = {isa = PBXFileReference; explicitFileType = sourcecode.c.h; fileEncoding = 4; name = ofxLabel.h; path = ../../../../addons/ofxGui/src/ofxLabel.h; sourceTree = SOURCE_ROOT; };
		"31A7CBA1-D6D2-455F-ABC5-08CF556265BA" /* ofxBaseGui.h */ = {isa = PBXFileReference; explicitFileType = sourcecode.c.h; fileEncoding = 4; name = ofxBaseGui.h; path = ../../../../addons/ofxGui/src/ofxBaseGui.h; sourceTree = SOURCE_ROOT; };
		"31D7FD33-2320-4501-9B6C-A6ACCE8467F8" /* PacketListener.h */ = {isa = PBXFileReference; explicitFileType = sourcecode.c.h; fileEncoding = 4; name = PacketListener.h; path = ../../../../addons/ofxOsc/libs/oscpack/src/ip/PacketListener.h; sourceTree = SOURCE_ROOT; };
		"32ACA337-493F-426F-AC7E-5173D5667B31" /* ofxOscMessage.cpp */ = {isa = PBXFileReference; explicitFileType = sourcecode.cpp.cpp; fileEncoding = 4; name = ofxOscMessage.cpp; path = ../../../../addons/ofxOsc/src/ofxOscMessage.cpp; sourceTree = SOURCE_ROOT; };
		"35EE53A3-1537-4015-84A2-656A21065A0A" /* OscTypes.cpp */ = {isa = PBXFileReference; explicitFileType = sourcecode.cpp.cpp; fileEncoding = 4; name = OscTypes.cpp; path = ../../../../addons/ofxOsc/libs/oscpack/src/osc/OscTypes.cpp; sourceTree = SOURCE_ROOT; };
		"381B0D95-98A2-4644-80BF-08CA22265E3E" /* ofxOscBundle.h */ = {isa = PBXFileReference; explicitFileType = sourcecode.c.h; fileEncoding = 4; name = ofxOscBundle.h; path = ../../../../addons/ofxOsc/src/ofxOscBundle.h; sourceTree = SOURCE_ROOT; };
		"385388EB-75F6-4CFE-AB97-01D11FFC7223" /* ofxOscSender.cpp */ = {isa = PBXFileReference; explicitFileType = sourcecode.cpp.cpp; fileEncoding = 4; name = ofxOscSender.cpp; path = ../../../../addons/ofxOsc/src/ofxOscSender.cpp; sourceTree = SOURCE_ROOT; };
		"39781C8C-4A86-4067-AF41-4796C5910B72" /* ofxOscParameterSync.h */ = {isa = PBXFileReference; explicitFileType = sourcecode.c.h; fileEncoding = 4; name = ofxOscParameterSync.h; path = ../../../../addons/ofxOsc/src/ofxOscParameterSync.h; sourceTree = SOURCE_ROOT; };
		"3C29B8E6-EE18-4DD5-B332-D7A436A6B09C" /* ofxNetworkUtils.cpp */ = {isa = PBXFileReference; explicitFileType = sourcecode.cpp.cpp; fileEncoding = 4; name = ofxNetworkUtils.cpp; path = ../../../../addons/ofxNetwork/src/ofxNetworkUtils.cpp; sourceTree = SOURCE_ROOT; };
		"421A72BB-19B9-47DD-8913-01928CD04CC8" /* NetworkingUtils.cpp */ = {isa = PBXFileReference; explicitFileType = sourcecode.cpp.cpp; fileEncoding = 4; name = NetworkingUtils.cpp; path = ../../../../addons/ofxOsc/libs/oscpack/src/ip/posix/NetworkingUtils.cpp; sourceTree = SOURCE_ROOT; };
		"432180E3-D779-4F20-AD1A-5AE4DBBF4BFD" /* ofxGuiGroup.h */ = {isa = PBXFileReference; explicitFileType = sourcecode.c.h; fileEncoding = 4; name = ofxGuiGroup.h; path = ../../../../addons/ofxGui/src/ofxGuiGroup.h; sourceTree = SOURCE_ROOT; };
		"47472ECA-2D26-4B5F-BED0-DDA47D185618" /* OscHostEndianness.h */ = {isa = PBXFileReference; explicitFileType = sourcecode.c.h; fileEncoding = 4; name = OscHostEndianness.h; path = ../../../../addons/ofxOsc/libs/oscpack/src/osc/OscHostEndianness.h; sourceTree = SOURCE_ROOT; };
		"49005DBC-F8A5-44FF-B01A-12B701C34A1A" /* ofxOscBundle.cpp */ = {isa = PBXFileReference; explicitFileType = sourcecode.cpp.cpp; fileEncoding = 4; name = ofxOscBundle.cpp; path = ../../../../addons/ofxOsc/src/ofxOscBundle.cpp; sourceTree = SOURCE_ROOT; };
		"49657D16-066D-4CFC-8296-642797D4E986" /* Neighbor.cpp */ = {isa = PBXFileReference; explicitFileType = sourcecode.cpp.cpp; fileEncoding = 4; name = Neighbor.cpp; path = src/Particles/Neighbor.cpp; sourceTree = SOURCE_ROOT; };
		"4D77BE4D-8734-4BD9-AA49-52148DDD4FCA" /* OscReceivedElements.cpp */ = {isa = PBXFileReference; explicitFileType = sourcecode.cpp.cpp; fileEncoding = 4; name = OscReceivedElements.cpp; path = ../../../../addons/ofxOsc/libs/oscpack/src/osc/OscReceivedElements.cpp; sourceTree = SOURCE_ROOT; };
		"4F329AC4-AA5D-431B-A001-528E45150690" /* OscTypes.h */ = {isa = PBXFileReference; explicitFileType = sourcecode.c.h; fileEncoding = 4; name = OscTypes.h; path = ../../../../addons/ofxOsc/libs/oscpack/src/osc/OscTypes.h; sourceTree = SOURCE_ROOT; };
		"50851682-5F98-4366-9770-9E794A1562ED" /* ofxOscReceiver.h */ = {isa = PBXFileReference; explicitFileType = sourcecode.c.h; fileEncoding = 4; name = ofxOscReceiver.h; path = ../../../../addons/ofxOsc/src/ofxOscReceiver.h; sourceTree = SOURCE_ROOT; };
		"5222CDB5-846C-44AB-9BAE-57069B72ADA9" /* ofxOscSender.h */ = {isa = PBXFileReference; explicitFileType = sourcecode.c.h; fileEncoding = 4; name = ofxOscSender.h; path = ../../../../addons/ofxOsc/src/ofxOscSender.h; sourceTree = SOURCE_ROOT; };
		"54B9A9DF-6D08-4B2B-9426-BB233A0AD1FC" /* Ocean.hpp */ = {isa = PBXFileReference; explicitFileType = sourcecode.c.h; fileEncoding = 4; name = Ocean.hpp; path = src/Ocean.hpp; sourceTree = SOURCE_ROOT; };
		"563010DA-1A9D-4AB4-9460-250741C50CB2" /* Presence.hpp */ = {isa = PBXFileReference; explicitFileType = sourcecode.c.h; fileEncoding = 4; name = Presence.hpp; path = src/Presence.hpp; sourceTree = SOURCE_ROOT; };
		"5AD1EDB0-0F37-4E25-BF14-FC4D6DD5A099" /* ofxPanel.h */ = {isa = PBXFileReference; explicitFileType = sourcecode.c.h; fileEncoding = 4; name = ofxPanel.h; path = ../../../../addons/ofxGui/src/ofxPanel.h; sourceTree = SOURCE_ROOT; };
		"5B46FF0E-D67B-4706-8144-25FCF1623546" /* ofxUDPSettings.h */ = {isa = PBXFileReference; explicitFileType = sourcecode.c.h; fileEncoding = 4; name = ofxUDPSettings.h; path = ../../../../addons/ofxNetwork/src/ofxUDPSettings.h; sourceTree = SOURCE_ROOT; };
		"61B83E03-50FA-4AE3-AA6D-B540E82E8DDF" /* Crack.hpp */ = {isa = PBXFileReference; explicitFileType = sourcecode.c.h; fileEncoding = 4; name = Crack.hpp; path = src/Footfalls/Crack.hpp; sourceTree = SOURCE_ROOT; };
		"650AFBFC-C0EB-4240-83FD-EBC664B0E763" /* ofxUDPManager.h */ = {isa = PBXFileReference; explicitFileType = sourcecode.c.h; fileEncoding = 4; name = ofxUDPManager.h; path = ../../../../addons/ofxNetwork/src/ofxUDPManager.h; sourceTree = SOURCE_ROOT; };
		"658F4D69-15FA-4E0D-B9CD-6CBB8A415638" /* ofxSlider.cpp */ = {isa = PBXFileReference; explicitFileType = sourcecode.cpp.cpp; fileEncoding = 4; name = ofxSlider.cpp; path = ../../../../addons/ofxGui/src/ofxSlider.cpp; sourceTree = SOURCE_ROOT; };
		"65B6192E-666D-4C7B-8C11-6ACB3FE2C527" /* ofxToggle.h */ = {isa = PBXFileReference; explicitFileType = sourcecode.c.h; fileEncoding = 4; name = ofxToggle.h; path = ../../../../addons/ofxGui/src/ofxToggle.h; sourceTree = SOURCE_ROOT; };
		"69135F4A-DD53-42BA-BCE2-186573E8FCD6" /* IpEndpointName.h */ = {isa = PBXFileReference; explicitFileType = sourcecode.c.h; fileEncoding = 4; name = IpEndpointName.h; path = ../../../../addons/ofxOsc/libs/oscpack/src/ip/IpEndpointName.h; sourceTree = SOURCE_ROOT; };
		"6BECC65A-7FEF-46A2-AD5D-112A402A628A" /* Sliver.hpp */ = {isa = PBXFileReference; explicitFileType = sourcecode.c.h; fileEncoding = 4; name = Sliver.hpp; path = src/Footfalls/Sliver.hpp; sourceTree = SOURCE_ROOT; };
		"7022CB3B-8597-49D6-8E93-B7491E3A635E" /* Footfall.hpp */ = {isa = PBXFileReference; explicitFileType = sourcecode.c.h; fileEncoding = 4; name = Footfall.hpp; path = src/Footfalls/Footfall.hpp; sourceTree = SOURCE_ROOT; };
		"70AE64E6-ABAB-4B98-AE6D-036E07D29689" /* OscException.h */ = {isa = PBXFileReference; explicitFileType = sourcecode.c.h; fileEncoding = 4; name = OscException.h; path = ../../../../addons/ofxOsc/libs/oscpack/src/osc/OscException.h; sourceTree = SOURCE_ROOT; };
		"71E558DC-8E3E-45D8-9961-6182DF7BBEE6" /* ofxOscMessage.h */ = {isa = PBXFileReference; explicitFileType = sourcecode.c.h; fileEncoding = 4; name = ofxOscMessage.h; path = ../../../../addons/ofxOsc/src/ofxOscMessage.h; sourceTree = SOURCE_ROOT; };
		"740B61F8-70B9-49E3-93B4-49FBA781DB76" /* ofxGui.h */ = {isa = PBXFileReference; explicitFileType = sourcecode.c.h; fileEncoding = 4; name = ofxGui.h; path = ../../../../addons/ofxGui/src/ofxGui.h; sourceTree = SOURCE_ROOT; };
		"7A385C5C-59BE-43EB-B702-1FD2B3112CAB" /* FluidSystem2D.cpp */ = {isa = PBXFileReference; explicitFileType = sourcecode.cpp.cpp; fileEncoding = 4; name = FluidSystem2D.cpp; path = src/FluidSimulation/FluidSystem2D.cpp; sourceTree = SOURCE_ROOT; };
		"7B6444B2-9F46-478D-B484-2D8AFA414AA0" /* TimerListener.h */ = {isa = PBXFileReference; explicitFileType = sourcecode.c.h; fileEncoding = 4; name = TimerListener.h; path = ../../../../addons/ofxOsc/libs/oscpack/src/ip/TimerListener.h; sourceTree = SOURCE_ROOT; };
		"84D73DE9-86B7-4642-BA57-C5CFB09B03E7" /* Footfalls.hpp */ = {isa = PBXFileReference; explicitFileType = sourcecode.c.h; fileEncoding = 4; name = Footfalls.hpp; path = src/Footfalls/Footfalls.hpp; sourceTree = SOURCE_ROOT; };
		"8B9CA171-F0A6-463B-9B87-7EE7C7A8052D" /* IpEndpointName.cpp */ = {isa = PBXFileReference; explicitFileType = sourcecode.cpp.cpp; fileEncoding = 4; name = IpEndpointName.cpp; path = ../../../../addons/ofxOsc/libs/oscpack/src/ip/IpEndpointName.cpp; sourceTree = SOURCE_ROOT; };
		"8D39DDFD-405B-403A-9E03-729F029A3BBC" /* ofxColorPicker.h */ = {isa = PBXFileReference; explicitFileType = sourcecode.c.h; fileEncoding = 4; name = ofxColorPicker.h; path = ../../../../addons/ofxGui/src/ofxColorPicker.h; sourceTree = SOURCE_ROOT; };
		"964EC59C-2311-485E-AB8A-98E5FDC8E0BA" /* ofxOscParameterSync.cpp */ = {isa = PBXFileReference; explicitFileType = sourcecode.cpp.cpp; fileEncoding = 4; name = ofxOscParameterSync.cpp; path = ../../../../addons/ofxOsc/src/ofxOscParameterSync.cpp; sourceTree = SOURCE_ROOT; };
		"96AB71C8-C290-4C77-B6EC-9515FEDF3D6C" /* ofxTCPServer.cpp */ = {isa = PBXFileReference; explicitFileType = sourcecode.cpp.cpp; fileEncoding = 4; name = ofxTCPServer.cpp; path = ../../../../addons/ofxNetwork/src/ofxTCPServer.cpp; sourceTree = SOURCE_ROOT; };
		"9F750C5C-D1D1-4536-A5BB-76C811127D29" /* UdpSocket.cpp */ = {isa = PBXFileReference; explicitFileType = sourcecode.cpp.cpp; fileEncoding = 4; name = UdpSocket.cpp; path = ../../../../addons/ofxOsc/libs/oscpack/src/ip/posix/UdpSocket.cpp; sourceTree = SOURCE_ROOT; };
		"A30314C8-D125-4E75-95D5-513BC30AD7A6" /* NetworkingUtils.h */ = {isa = PBXFileReference; explicitFileType = sourcecode.c.h; fileEncoding = 4; name = NetworkingUtils.h; path = ../../../../addons/ofxOsc/libs/oscpack/src/ip/NetworkingUtils.h; sourceTree = SOURCE_ROOT; };
		"A6EC0A61-4D79-4906-AAE6-5023050DE712" /* Neighbor.hpp */ = {isa = PBXFileReference; explicitFileType = sourcecode.c.h; fileEncoding = 4; name = Neighbor.hpp; path = src/Particles/Neighbor.hpp; sourceTree = SOURCE_ROOT; };
		"A8AA55DA-AC75-4C2F-AF33-38B686B0E88E" /* ofxSlider.h */ = {isa = PBXFileReference; explicitFileType = sourcecode.c.h; fileEncoding = 4; name = ofxSlider.h; path = ../../../../addons/ofxGui/src/ofxSlider.h; sourceTree = SOURCE_ROOT; };
		"A9160387-8C4D-43B9-8CBC-8A9EFA5AC6A8" /* ofxInputField.cpp */ = {isa = PBXFileReference; explicitFileType = sourcecode.cpp.cpp; fileEncoding = 4; name = ofxInputField.cpp; path = ../../../../addons/ofxGui/src/ofxInputField.cpp; sourceTree = SOURCE_ROOT; };
		"AD4FF98F-9AFF-48AB-ACF9-C5E4DE15CC38" /* ofxSliderGroup.cpp */ = {isa = PBXFileReference; explicitFileType = sourcecode.cpp.cpp; fileEncoding = 4; name = ofxSliderGroup.cpp; path = ../../../../addons/ofxGui/src/ofxSliderGroup.cpp; sourceTree = SOURCE_ROOT; };
		"AE7DD06D-1213-4459-A72D-BF585DC57F2F" /* LED.cpp */ = {isa = PBXFileReference; explicitFileType = sourcecode.cpp.cpp; fileEncoding = 4; name = LED.cpp; path = src/LED.cpp; sourceTree = SOURCE_ROOT; };
		"AECCA5F3-687B-4A55-8F12-8F82E4CBB582" /* ParticleSystem.hpp */ = {isa = PBXFileReference; explicitFileType = sourcecode.c.h; fileEncoding = 4; name = ParticleSystem.hpp; path = src/Particles/ParticleSystem.hpp; sourceTree = SOURCE_ROOT; };
		"B51FFBC7-6EC2-4451-A772-F017BEF31388" /* Sliver.cpp */ = {isa = PBXFileReference; explicitFileType = sourcecode.cpp.cpp; fileEncoding = 4; name = Sliver.cpp; path = src/Footfalls/Sliver.cpp; sourceTree = SOURCE_ROOT; };
		"B7FCC894-C9D5-40C4-B177-7D962C66D7BD" /* ofxTCPClient.cpp */ = {isa = PBXFileReference; explicitFileType = sourcecode.cpp.cpp; fileEncoding = 4; name = ofxTCPClient.cpp; path = ../../../../addons/ofxNetwork/src/ofxTCPClient.cpp; sourceTree = SOURCE_ROOT; };
		"B9E48183-9876-4C77-89D9-AB8D36D98C1D" /* OscPrintReceivedElements.h */ = {isa = PBXFileReference; explicitFileType = sourcecode.c.h; fileEncoding = 4; name = OscPrintReceivedElements.h; path = ../../../../addons/ofxOsc/libs/oscpack/src/osc/OscPrintReceivedElements.h; sourceTree = SOURCE_ROOT; };
		"BC979F29-EEC6-42F3-92C1-0FB9C917C601" /* UdpSocket.h */ = {isa = PBXFileReference; explicitFileType = sourcecode.c.h; fileEncoding = 4; name = UdpSocket.h; path = ../../../../addons/ofxOsc/libs/oscpack/src/ip/UdpSocket.h; sourceTree = SOURCE_ROOT; };
		"BE28E8D8-7628-42DB-807A-C2884B3C36E2" /* OscReceivedElements.h */ = {isa = PBXFileReference; explicitFileType = sourcecode.c.h; fileEncoding = 4; name = OscReceivedElements.h; path = ../../../../addons/ofxOsc/libs/oscpack/src/osc/OscReceivedElements.h; sourceTree = SOURCE_ROOT; };
		"C5D95B4E-4DA0-4727-B75F-B773A07565D1" /* Footfalls.cpp */ = {isa = PBXFileReference; explicitFileType = sourcecode.cpp.cpp; fileEncoding = 4; name = Footfalls.cpp; path = src/Footfalls/Footfalls.cpp; sourceTree = SOURCE_ROOT; };
		"C9964FA2-EFB4-48D5-A476-514A4BB9B113" /* Kernels.cpp */ = {isa = PBXFileReference; explicitFileType = sourcecode.cpp.cpp; fileEncoding = 4; name = Kernels.cpp; path = src/FluidSimulation/Kernels.cpp; sourceTree = SOURCE_ROOT; };
		"C9D735DB-9202-4F61-8407-FB0B01A905F5" /* Footfall.cpp */ = {isa = PBXFileReference; explicitFileType = sourcecode.cpp.cpp; fileEncoding = 4; name = Footfall.cpp; path = src/Footfalls/Footfall.cpp; sourceTree = SOURCE_ROOT; };
		"C9F92E8A-372F-4FD2-9AB6-9057A5FA7320" /* OscPacketListener.h */ = {isa = PBXFileReference; explicitFileType = sourcecode.c.h; fileEncoding = 4; name = OscPacketListener.h; path = ../../../../addons/ofxOsc/libs/oscpack/src/osc/OscPacketListener.h; sourceTree = SOURCE_ROOT; };
		"CC93DFC5-48B3-4232-904D-FF568556010A" /* LEDs.hpp */ = {isa = PBXFileReference; explicitFileType = sourcecode.c.h; fileEncoding = 4; name = LEDs.hpp; path = src/LEDs.hpp; sourceTree = SOURCE_ROOT; };
		"D13D9916-DB0A-4471-BE3C-74FEC167B421" /* ofxOscArg.h */ = {isa = PBXFileReference; explicitFileType = sourcecode.c.h; fileEncoding = 4; name = ofxOscArg.h; path = ../../../../addons/ofxOsc/src/ofxOscArg.h; sourceTree = SOURCE_ROOT; };
		"D2BCC385-5409-4B80-B877-3FA66B4512FB" /* MessageMappingOscPacketListener.h */ = {isa = PBXFileReference; explicitFileType = sourcecode.c.h; fileEncoding = 4; name = MessageMappingOscPacketListener.h; path = ../../../../addons/ofxOsc/libs/oscpack/src/osc/MessageMappingOscPacketListener.h; sourceTree = SOURCE_ROOT; };
		"D8BB4A7F-6C03-4CBD-85C4-295E17600210" /* ofxTCPManager.cpp */ = {isa = PBXFileReference; explicitFileType = sourcecode.cpp.cpp; fileEncoding = 4; name = ofxTCPManager.cpp; path = ../../../../addons/ofxNetwork/src/ofxTCPManager.cpp; sourceTree = SOURCE_ROOT; };
		"D939398F-13B3-45DE-A9E1-CFF12A680219" /* ofxSliderGroup.h */ = {isa = PBXFileReference; explicitFileType = sourcecode.c.h; fileEncoding = 4; name = ofxSliderGroup.h; path = ../../../../addons/ofxGui/src/ofxSliderGroup.h; sourceTree = SOURCE_ROOT; };
		"D999FE75-2D85-4663-8A12-58985025F31F" /* Ocean.cpp */ = {isa = PBXFileReference; explicitFileType = sourcecode.cpp.cpp; fileEncoding = 4; name = Ocean.cpp; path = src/Ocean.cpp; sourceTree = SOURCE_ROOT; };
		"DB1FFE40-AA32-4BB2-884E-C4A19DE06B72" /* OscPrintReceivedElements.cpp */ = {isa = PBXFileReference; explicitFileType = sourcecode.cpp.cpp; fileEncoding = 4; name = OscPrintReceivedElements.cpp; path = ../../../../addons/ofxOsc/libs/oscpack/src/osc/OscPrintReceivedElements.cpp; sourceTree = SOURCE_ROOT; };
		"DC681036-C3A1-4EFD-A282-BA18C775AB76" /* LEDs.cpp */ = {isa = PBXFileReference; explicitFileType = sourcecode.cpp.cpp; fileEncoding = 4; name = LEDs.cpp; path = src/LEDs.cpp; sourceTree = SOURCE_ROOT; };
		"DCF9CDBA-D441-494E-A629-C4E3486B64C6" /* ofxBaseGui.cpp */ = {isa = PBXFileReference; explicitFileType = sourcecode.cpp.cpp; fileEncoding = 4; name = ofxBaseGui.cpp; path = ../../../../addons/ofxGui/src/ofxBaseGui.cpp; sourceTree = SOURCE_ROOT; };
		"DE253C07-11AB-435F-A829-14D117E7C117" /* FluidSystem2D.hpp */ = {isa = PBXFileReference; explicitFileType = sourcecode.c.h; fileEncoding = 4; name = FluidSystem2D.hpp; path = src/FluidSimulation/FluidSystem2D.hpp; sourceTree = SOURCE_ROOT; };
		"DEB15A17-15BC-4C04-86F9-CF03C48CD82A" /* Crack.cpp */ = {isa = PBXFileReference; explicitFileType = sourcecode.cpp.cpp; fileEncoding = 4; name = Crack.cpp; path = src/Footfalls/Crack.cpp; sourceTree = SOURCE_ROOT; };
		"E4B065FD-6FB9-4355-AD0B-214309FAF0A9" /* ofxLabel.cpp */ = {isa = PBXFileReference; explicitFileType = sourcecode.cpp.cpp; fileEncoding = 4; name = ofxLabel.cpp; path = ../../../../addons/ofxGui/src/ofxLabel.cpp; sourceTree = SOURCE_ROOT; };
		E4B69B5B0A3A1756003C02F2 /* messyFoggySpirals-ofxDebug.app */ = {isa = PBXFileReference; explicitFileType = wrapper.application; includeInIndex = 0; path = "messyFoggySpirals-ofxDebug.app"; sourceTree = BUILT_PRODUCTS_DIR; };
		E4B69E1D0A3A1BDC003C02F2 /* main.cpp */ = {isa = PBXFileReference; fileEncoding = 4; lastKnownFileType = sourcecode.cpp.cpp; name = main.cpp; path = src/main.cpp; sourceTree = SOURCE_ROOT; };
		E4B69E1E0A3A1BDC003C02F2 /* ofApp.cpp */ = {isa = PBXFileReference; explicitFileType = sourcecode.cpp.cpp; fileEncoding = 4; name = ofApp.cpp; path = src/ofApp.cpp; sourceTree = SOURCE_ROOT; };
		E4B69E1F0A3A1BDC003C02F2 /* ofApp.h */ = {isa = PBXFileReference; fileEncoding = 4; lastKnownFileType = sourcecode.c.h; name = ofApp.h; path = src/ofApp.h; sourceTree = SOURCE_ROOT; };
		E4B6FCAD0C3E899E008CF71C /* openFrameworks-Info.plist */ = {isa = PBXFileReference; fileEncoding = 4; lastKnownFileType = text.plist.xml; path = "openFrameworks-Info.plist"; sourceTree = "<group>"; };
		E4EB6923138AFD0F00A09F29 /* Project.xcconfig */ = {isa = PBXFileReference; fileEncoding = 4; lastKnownFileType = text.xcconfig; path = Project.xcconfig; sourceTree = "<group>"; };
		"EABD3BB8-9632-42A8-8F88-12AA586B1346" /* ofxOscReceiver.cpp */ = {isa = PBXFileReference; explicitFileType = sourcecode.cpp.cpp; fileEncoding = 4; name = ofxOscReceiver.cpp; path = ../../../../addons/ofxOsc/src/ofxOscReceiver.cpp; sourceTree = SOURCE_ROOT; };
		"EABE7AF8-3A44-4AE8-8E04-A261CD14A016" /* ofxTCPServer.h */ = {isa = PBXFileReference; explicitFileType = sourcecode.c.h; fileEncoding = 4; name = ofxTCPServer.h; path = ../../../../addons/ofxNetwork/src/ofxTCPServer.h; sourceTree = SOURCE_ROOT; };
		"EEB34B87-C4DB-4C6B-9B4A-3A17186457ED" /* ofxButton.cpp */ = {isa = PBXFileReference; explicitFileType = sourcecode.cpp.cpp; fileEncoding = 4; name = ofxButton.cpp; path = ../../../../addons/ofxGui/src/ofxButton.cpp; sourceTree = SOURCE_ROOT; };
		"EFE87803-EF9B-48CC-8615-49C159BB4D67" /* Presence.cpp */ = {isa = PBXFileReference; explicitFileType = sourcecode.cpp.cpp; fileEncoding = 4; name = Presence.cpp; path = src/Presence.cpp; sourceTree = SOURCE_ROOT; };
		"F79DB1B2-ECDA-4AD5-969B-FCD0A2217EE3" /* ofxTCPClient.h */ = {isa = PBXFileReference; explicitFileType = sourcecode.c.h; fileEncoding = 4; name = ofxTCPClient.h; path = ../../../../addons/ofxNetwork/src/ofxTCPClient.h; sourceTree = SOURCE_ROOT; };
		"F9FF5C95-A65A-4416-93A0-0368A5DA81E2" /* OscOutboundPacketStream.h */ = {isa = PBXFileReference; explicitFileType = sourcecode.c.h; fileEncoding = 4; name = OscOutboundPacketStream.h; path = ../../../../addons/ofxOsc/libs/oscpack/src/osc/OscOutboundPacketStream.h; sourceTree = SOURCE_ROOT; };
		"FE1DF0C8-C3D2-4C83-93B3-91D5D74A6D9C" /* ofxPanel.cpp */ = {isa = PBXFileReference; explicitFileType = sourcecode.cpp.cpp; fileEncoding = 4; name = ofxPanel.cpp; path = ../../../../addons/ofxGui/src/ofxPanel.cpp; sourceTree = SOURCE_ROOT; };
/* End PBXFileReference section */

/* Begin PBXFrameworksBuildPhase section */
		E4B69B590A3A1756003C02F2 /* Frameworks */ = {
			isa = PBXFrameworksBuildPhase;
			buildActionMask = 2147483647;
			files = (
			);
			runOnlyForDeploymentPostprocessing = 0;
		};
/* End PBXFrameworksBuildPhase section */

/* Begin PBXGroup section */
		06F4DB4A2ECCF583005072BA /* shaders */ = {
			isa = PBXGroup;
			children = (
				06F4DB482ECCF583005072BA /* averageLED.frag */,
				06F4DB492ECCF583005072BA /* averageLED.vert */,
			);
			name = shaders;
			path = bin/data/shaders;
			sourceTree = SOURCE_ROOT;
		};
		"2FB798B7-360F-48CF-8846-32C040055319" /* src */ = {
			isa = PBXGroup;
			children = (
				"11A28C57-40D7-41C5-A883-AD3C32046B8C" /* ofxNetwork.h */,
				"3C29B8E6-EE18-4DD5-B332-D7A436A6B09C" /* ofxNetworkUtils.cpp */,
				"15D8DBE7-90B5-40D2-AE94-98F8BFFD4077" /* ofxNetworkUtils.h */,
				"B7FCC894-C9D5-40C4-B177-7D962C66D7BD" /* ofxTCPClient.cpp */,
				"F79DB1B2-ECDA-4AD5-969B-FCD0A2217EE3" /* ofxTCPClient.h */,
				"D8BB4A7F-6C03-4CBD-85C4-295E17600210" /* ofxTCPManager.cpp */,
				"03D2798C-E41D-440A-8C7F-9654FBB89686" /* ofxTCPManager.h */,
				"96AB71C8-C290-4C77-B6EC-9515FEDF3D6C" /* ofxTCPServer.cpp */,
				"EABE7AF8-3A44-4AE8-8E04-A261CD14A016" /* ofxTCPServer.h */,
				"2FDB37FF-9854-4D57-9D46-E8AD194F6932" /* ofxTCPSettings.h */,
				"2F28EB17-A326-4D34-AA25-62AB666C0EF7" /* ofxUDPManager.cpp */,
				"650AFBFC-C0EB-4240-83FD-EBC664B0E763" /* ofxUDPManager.h */,
				"5B46FF0E-D67B-4706-8144-25FCF1623546" /* ofxUDPSettings.h */,
			);
			name = src;
			sourceTree = SOURCE_ROOT;
		};
		"39D3DC52-1755-4E28-9AB1-B270DC2346DC" /* ip */ = {
			isa = PBXGroup;
			children = (
				"8B9CA171-F0A6-463B-9B87-7EE7C7A8052D" /* IpEndpointName.cpp */,
				"69135F4A-DD53-42BA-BCE2-186573E8FCD6" /* IpEndpointName.h */,
				"A30314C8-D125-4E75-95D5-513BC30AD7A6" /* NetworkingUtils.h */,
				"31D7FD33-2320-4501-9B6C-A6ACCE8467F8" /* PacketListener.h */,
				"7B6444B2-9F46-478D-B484-2D8AFA414AA0" /* TimerListener.h */,
				"BC979F29-EEC6-42F3-92C1-0FB9C917C601" /* UdpSocket.h */,
				"684FA505-A78E-43D4-A035-9034C4837DCD" /* posix */,
			);
			name = ip;
			sourceTree = SOURCE_ROOT;
		};
		"44B9EDE6-CBEB-4C52-A662-6909AF09C4D0" /* Footfalls */ = {
			isa = PBXGroup;
			children = (
				"DEB15A17-15BC-4C04-86F9-CF03C48CD82A" /* Crack.cpp */,
				"61B83E03-50FA-4AE3-AA6D-B540E82E8DDF" /* Crack.hpp */,
				"C9D735DB-9202-4F61-8407-FB0B01A905F5" /* Footfall.cpp */,
				"7022CB3B-8597-49D6-8E93-B7491E3A635E" /* Footfall.hpp */,
				"C5D95B4E-4DA0-4727-B75F-B773A07565D1" /* Footfalls.cpp */,
				"84D73DE9-86B7-4642-BA57-C5CFB09B03E7" /* Footfalls.hpp */,
				"B51FFBC7-6EC2-4451-A772-F017BEF31388" /* Sliver.cpp */,
				"6BECC65A-7FEF-46A2-AD5D-112A402A628A" /* Sliver.hpp */,
			);
			name = Footfalls;
			path = src/Footfalls;
			sourceTree = SOURCE_ROOT;
		};
		"4867ABEF-D7FB-44E1-B758-0C8EBD034F4D" /* Particles */ = {
			isa = PBXGroup;
			children = (
				"49657D16-066D-4CFC-8296-642797D4E986" /* Neighbor.cpp */,
				"A6EC0A61-4D79-4906-AAE6-5023050DE712" /* Neighbor.hpp */,
				"2DD6B335-2136-403A-B54B-210F4855AA48" /* Particle.cpp */,
				"2987BF2B-C08F-4246-8740-4760777F4ACB" /* Particle.hpp */,
				"0ED7299D-DC9D-440A-BDE3-738D7D6405E4" /* ParticleSystem.cpp */,
				"AECCA5F3-687B-4A55-8F12-8F82E4CBB582" /* ParticleSystem.hpp */,
			);
			name = Particles;
			path = src/Particles;
			sourceTree = SOURCE_ROOT;
		};
		"684FA505-A78E-43D4-A035-9034C4837DCD" /* posix */ = {
			isa = PBXGroup;
			children = (
				"421A72BB-19B9-47DD-8913-01928CD04CC8" /* NetworkingUtils.cpp */,
				"9F750C5C-D1D1-4536-A5BB-76C811127D29" /* UdpSocket.cpp */,
			);
			name = posix;
			sourceTree = SOURCE_ROOT;
		};
		"79487F7C-DA41-4CC5-ADBA-2556686E7D19" /* src */ = {
			isa = PBXGroup;
			children = (
				"1AF9EE48-708D-43B9-9599-CA6514E7B3C5" /* ofxOsc.h */,
				"D13D9916-DB0A-4471-BE3C-74FEC167B421" /* ofxOscArg.h */,
				"49005DBC-F8A5-44FF-B01A-12B701C34A1A" /* ofxOscBundle.cpp */,
				"381B0D95-98A2-4644-80BF-08CA22265E3E" /* ofxOscBundle.h */,
				"32ACA337-493F-426F-AC7E-5173D5667B31" /* ofxOscMessage.cpp */,
				"71E558DC-8E3E-45D8-9961-6182DF7BBEE6" /* ofxOscMessage.h */,
				"964EC59C-2311-485E-AB8A-98E5FDC8E0BA" /* ofxOscParameterSync.cpp */,
				"39781C8C-4A86-4067-AF41-4796C5910B72" /* ofxOscParameterSync.h */,
				"EABD3BB8-9632-42A8-8F88-12AA586B1346" /* ofxOscReceiver.cpp */,
				"50851682-5F98-4366-9770-9E794A1562ED" /* ofxOscReceiver.h */,
				"385388EB-75F6-4CFE-AB97-01D11FFC7223" /* ofxOscSender.cpp */,
				"5222CDB5-846C-44AB-9BAE-57069B72ADA9" /* ofxOscSender.h */,
			);
			name = src;
			sourceTree = SOURCE_ROOT;
		};
		BB4B014C10F69532006C3DED /* addons */ = {
			isa = PBXGroup;
			children = (
				"EC59324C-7508-4696-9AA4-246637F2A7C1" /* ofxGui */,
				"FC1F05AF-EB91-412D-92AE-F9F0865FD9A3" /* ofxNetwork */,
				"D4312A19-CBC7-4307-8E71-947A4DB02121" /* ofxOsc */,
			);
			name = addons;
			path = ../../../../addons;
			sourceTree = "<group>";
		};
		"BE1D847F-9F50-499B-9BB6-A7E29A79B81B" /* src */ = {
			isa = PBXGroup;
			children = (
				"39D3DC52-1755-4E28-9AB1-B270DC2346DC" /* ip */,
				"BE7150BD-7D64-4EC0-A54E-B23F9EC0D74D" /* osc */,
			);
			name = src;
			sourceTree = SOURCE_ROOT;
		};
		"BE7150BD-7D64-4EC0-A54E-B23F9EC0D74D" /* osc */ = {
			isa = PBXGroup;
			children = (
				"D2BCC385-5409-4B80-B877-3FA66B4512FB" /* MessageMappingOscPacketListener.h */,
				"70AE64E6-ABAB-4B98-AE6D-036E07D29689" /* OscException.h */,
				"47472ECA-2D26-4B5F-BED0-DDA47D185618" /* OscHostEndianness.h */,
				"14286B03-54A2-4741-B6A9-DCE7741519A3" /* OscOutboundPacketStream.cpp */,
				"F9FF5C95-A65A-4416-93A0-0368A5DA81E2" /* OscOutboundPacketStream.h */,
				"C9F92E8A-372F-4FD2-9AB6-9057A5FA7320" /* OscPacketListener.h */,
				"DB1FFE40-AA32-4BB2-884E-C4A19DE06B72" /* OscPrintReceivedElements.cpp */,
				"B9E48183-9876-4C77-89D9-AB8D36D98C1D" /* OscPrintReceivedElements.h */,
				"4D77BE4D-8734-4BD9-AA49-52148DDD4FCA" /* OscReceivedElements.cpp */,
				"BE28E8D8-7628-42DB-807A-C2884B3C36E2" /* OscReceivedElements.h */,
				"35EE53A3-1537-4015-84A2-656A21065A0A" /* OscTypes.cpp */,
				"4F329AC4-AA5D-431B-A001-528E45150690" /* OscTypes.h */,
			);
			name = osc;
			sourceTree = SOURCE_ROOT;
		};
		"C75DCAA1-9BF2-49E9-8BB5-3329D287FDF4" /* oscpack */ = {
			isa = PBXGroup;
			children = (
				"BE1D847F-9F50-499B-9BB6-A7E29A79B81B" /* src */,
			);
			name = oscpack;
			sourceTree = SOURCE_ROOT;
		};
		"D4312A19-CBC7-4307-8E71-947A4DB02121" /* ofxOsc */ = {
			isa = PBXGroup;
			children = (
				"F5E3C109-3F14-4E46-BA60-E85A8F96E80A" /* libs */,
				"79487F7C-DA41-4CC5-ADBA-2556686E7D19" /* src */,
			);
			name = ofxOsc;
			sourceTree = SOURCE_ROOT;
		};
		"DC2E9443-6F19-46F2-BE76-FD8286801D84" /* FluidSimulation */ = {
			isa = PBXGroup;
			children = (
				"7A385C5C-59BE-43EB-B702-1FD2B3112CAB" /* FluidSystem2D.cpp */,
				"DE253C07-11AB-435F-A829-14D117E7C117" /* FluidSystem2D.hpp */,
				"C9964FA2-EFB4-48D5-A476-514A4BB9B113" /* Kernels.cpp */,
				"03758D4C-1450-47DD-8B91-8CC87C194C4A" /* Kernels.hpp */,
			);
			name = FluidSimulation;
			path = src/FluidSimulation;
			sourceTree = SOURCE_ROOT;
		};
		E4B69B4A0A3A1720003C02F2 = {
			isa = PBXGroup;
			children = (
				191CD6FA2847E21E0085CBB6 /* of.entitlements */,
				E4B6FCAD0C3E899E008CF71C /* openFrameworks-Info.plist */,
				E4EB6923138AFD0F00A09F29 /* Project.xcconfig */,
				E4B69E1C0A3A1BDC003C02F2 /* src */,
				191EF70929D778A400F35F26 /* openFrameworks */,
				BB4B014C10F69532006C3DED /* addons */,
				E4B69B5B0A3A1756003C02F2 /* messyFoggySpirals-ofxDebug.app */,
			);
			sourceTree = "<group>";
		};
		E4B69E1C0A3A1BDC003C02F2 /* src */ = {
			isa = PBXGroup;
			children = (
				E4B69E1D0A3A1BDC003C02F2 /* main.cpp */,
				E4B69E1E0A3A1BDC003C02F2 /* ofApp.cpp */,
				E4B69E1F0A3A1BDC003C02F2 /* ofApp.h */,
				"DC2E9443-6F19-46F2-BE76-FD8286801D84" /* FluidSimulation */,
				"44B9EDE6-CBEB-4C52-A662-6909AF09C4D0" /* Footfalls */,
				"AE7DD06D-1213-4459-A72D-BF585DC57F2F" /* LED.cpp */,
				"1788A233-CD56-4C23-BD6E-F18215EF996F" /* LED.hpp */,
				"DC681036-C3A1-4EFD-A282-BA18C775AB76" /* LEDs.cpp */,
				"CC93DFC5-48B3-4232-904D-FF568556010A" /* LEDs.hpp */,
				"D999FE75-2D85-4663-8A12-58985025F31F" /* Ocean.cpp */,
				"54B9A9DF-6D08-4B2B-9426-BB233A0AD1FC" /* Ocean.hpp */,
				"4867ABEF-D7FB-44E1-B758-0C8EBD034F4D" /* Particles */,
				"EFE87803-EF9B-48CC-8615-49C159BB4D67" /* Presence.cpp */,
				"563010DA-1A9D-4AB4-9460-250741C50CB2" /* Presence.hpp */,
				"08374E2B-DA71-429B-87EF-F3E5AD0030BB" /* Shadow.cpp */,
				"045A306D-5001-47B4-8030-D20C76307292" /* Shadow.hpp */,
				06F4DB4A2ECCF583005072BA /* shaders */,
			);
			path = src;
			sourceTree = SOURCE_ROOT;
		};
		"EC59324C-7508-4696-9AA4-246637F2A7C1" /* ofxGui */ = {
			isa = PBXGroup;
			children = (
				"EF120AC2-8D91-4476-BC58-D12B4DF98AB8" /* src */,
			);
			name = ofxGui;
			sourceTree = SOURCE_ROOT;
		};
		"EF120AC2-8D91-4476-BC58-D12B4DF98AB8" /* src */ = {
			isa = PBXGroup;
			children = (
				"DCF9CDBA-D441-494E-A629-C4E3486B64C6" /* ofxBaseGui.cpp */,
				"31A7CBA1-D6D2-455F-ABC5-08CF556265BA" /* ofxBaseGui.h */,
				"EEB34B87-C4DB-4C6B-9B4A-3A17186457ED" /* ofxButton.cpp */,
				"132A36C8-6ABF-4ADF-A49D-DB6D38CA5C0D" /* ofxButton.h */,
				"2CC44F96-970C-4FCF-9D83-B2DD7452BD96" /* ofxColorPicker.cpp */,
				"8D39DDFD-405B-403A-9E03-729F029A3BBC" /* ofxColorPicker.h */,
				"740B61F8-70B9-49E3-93B4-49FBA781DB76" /* ofxGui.h */,
				"1C96D5B5-947A-48F2-A436-D61CC8DCE8BC" /* ofxGuiGroup.cpp */,
				"432180E3-D779-4F20-AD1A-5AE4DBBF4BFD" /* ofxGuiGroup.h */,
				"17BA019C-9CE0-46F0-97A8-1966EDEE4010" /* ofxGuiUtils.h */,
				"A9160387-8C4D-43B9-8CBC-8A9EFA5AC6A8" /* ofxInputField.cpp */,
				"0E8DD59B-F422-48E5-BED5-7000F438DCBC" /* ofxInputField.h */,
				"E4B065FD-6FB9-4355-AD0B-214309FAF0A9" /* ofxLabel.cpp */,
				"306F67EA-D50D-47E1-99BD-295164D5DE41" /* ofxLabel.h */,
				"FE1DF0C8-C3D2-4C83-93B3-91D5D74A6D9C" /* ofxPanel.cpp */,
				"5AD1EDB0-0F37-4E25-BF14-FC4D6DD5A099" /* ofxPanel.h */,
				"658F4D69-15FA-4E0D-B9CD-6CBB8A415638" /* ofxSlider.cpp */,
				"A8AA55DA-AC75-4C2F-AF33-38B686B0E88E" /* ofxSlider.h */,
				"AD4FF98F-9AFF-48AB-ACF9-C5E4DE15CC38" /* ofxSliderGroup.cpp */,
				"D939398F-13B3-45DE-A9E1-CFF12A680219" /* ofxSliderGroup.h */,
				"2C8D16FE-3A5F-4580-9C07-6F01B4793A67" /* ofxToggle.cpp */,
				"65B6192E-666D-4C7B-8C11-6ACB3FE2C527" /* ofxToggle.h */,
			);
			name = src;
			sourceTree = SOURCE_ROOT;
		};
		"F5E3C109-3F14-4E46-BA60-E85A8F96E80A" /* libs */ = {
			isa = PBXGroup;
			children = (
				"C75DCAA1-9BF2-49E9-8BB5-3329D287FDF4" /* oscpack */,
			);
			name = libs;
			sourceTree = SOURCE_ROOT;
		};
		"FC1F05AF-EB91-412D-92AE-F9F0865FD9A3" /* ofxNetwork */ = {
			isa = PBXGroup;
			children = (
				"2FB798B7-360F-48CF-8846-32C040055319" /* src */,
			);
			name = ofxNetwork;
			sourceTree = SOURCE_ROOT;
		};
/* End PBXGroup section */

/* Begin PBXNativeTarget section */
		E4B69B5A0A3A1756003C02F2 /* messyFoggySpirals-ofx */ = {
			isa = PBXNativeTarget;
			buildConfigurationList = E4B69B5F0A3A1757003C02F2 /* Build configuration list for PBXNativeTarget "messyFoggySpirals-ofx" */;
			buildPhases = (
				E42962A92163ECCD00A6A9E2 /* Run Script — Compile OF */,
				E4B69B580A3A1756003C02F2 /* Sources */,
				E4B69B590A3A1756003C02F2 /* Frameworks */,
				E4C2427710CC5ABF004149E2 /* CopyFiles */,
				E4A5B60F29BAAAE400C2D356 /* CopyFiles */,
				19B789C429E5AB4A0082E9B8 /* ShellScript */,
			);
			buildRules = (
			);
			dependencies = (
			);
			name = "messyFoggySpirals-ofx";
			productName = myOFApp;
			productReference = E4B69B5B0A3A1756003C02F2 /* messyFoggySpirals-ofxDebug.app */;
			productType = "com.apple.product-type.application";
		};
/* End PBXNativeTarget section */

/* Begin PBXProject section */
		E4B69B4C0A3A1720003C02F2 /* Project object */ = {
			isa = PBXProject;
			attributes = {
				LastUpgradeCheck = 0600;
			};
			buildConfigurationList = E4B69B4D0A3A1720003C02F2 /* Build configuration list for PBXProject "messyFoggySpirals-ofx" */;
			compatibilityVersion = "Xcode 3.2";
			developmentRegion = en;
			hasScannedForEncodings = 0;
			knownRegions = (
				en,
				Base,
			);
			mainGroup = E4B69B4A0A3A1720003C02F2;
			productRefGroup = E4B69B4A0A3A1720003C02F2;
			projectDirPath = "";
			projectRoot = "";
			targets = (
				E4B69B5A0A3A1756003C02F2 /* messyFoggySpirals-ofx */,
			);
		};
/* End PBXProject section */

/* Begin PBXShellScriptBuildPhase section */
		19B789C429E5AB4A0082E9B8 /* ShellScript */ = {
			isa = PBXShellScriptBuildPhase;
			buildActionMask = 2147483647;
			files = (
			);
			inputFileListPaths = (
			);
			inputPaths = (
			);
			outputFileListPaths = (
			);
			outputPaths = (
			);
			runOnlyForDeploymentPostprocessing = 0;
			shellPath = /bin/sh;
			shellScript = "\"$OF_PATH/scripts/osx/xcode_project.sh\"\n";
			showEnvVarsInLog = 0;
		};
		E42962A92163ECCD00A6A9E2 /* Run Script — Compile OF */ = {
			isa = PBXShellScriptBuildPhase;
			alwaysOutOfDate = 1;
			buildActionMask = 2147483647;
			files = (
			);
			inputPaths = (
			);
			name = "Run Script — Compile OF";
			outputPaths = (
			);
			runOnlyForDeploymentPostprocessing = 0;
			shellPath = /bin/sh;
			shellScript = "echo \"💾 Compiling Openframeworks\"\nxcodebuild -project \"$OF_PATH/libs/openFrameworksCompiled/project/osx/openFrameworksLib.xcodeproj\" -target openFrameworks -configuration \"${CONFIGURATION}\"  CLANG_CXX_LANGUAGE_STANDARD=$CLANG_CXX_LANGUAGE_STANDARD MACOSX_DEPLOYMENT_TARGET=$MACOSX_DEPLOYMENT_TARGET GCC_PREPROCESSOR_DEFINITIONS=$USER_PREPROCESSOR_DEFINITIONS\n";
			showEnvVarsInLog = 0;
		};
/* End PBXShellScriptBuildPhase section */

/* Begin PBXSourcesBuildPhase section */
		E4B69B580A3A1756003C02F2 /* Sources */ = {
			isa = PBXSourcesBuildPhase;
			buildActionMask = 2147483647;
			files = (
				E4B69E200A3A1BDC003C02F2 /* main.cpp in Sources */,
				E4B69E210A3A1BDC003C02F2 /* ofApp.cpp in Sources */,
				"B2AA2A4F-B375-4821-922E-6E74D41202AF" /* FluidSystem2D.cpp in Sources */,
				"E965740B-9675-4611-9328-00AEE306A28D" /* Kernels.cpp in Sources */,
				"5FA1B64C-E320-4E6E-BD57-C66FCEF91345" /* Crack.cpp in Sources */,
				"4AACB6B2-BB50-43C2-B4F7-331CC815DDDB" /* Footfall.cpp in Sources */,
				"E95A3C6D-E488-4EB4-9896-522811DAECCD" /* Footfalls.cpp in Sources */,
				"236113C1-8F1B-490D-8D6E-C90FD86281EE" /* Sliver.cpp in Sources */,
				"701FBBEC-3FCE-4483-ADD1-08828C84D2FF" /* LED.cpp in Sources */,
				"3B41D986-C399-4F4A-A68C-576726780FB0" /* LEDs.cpp in Sources */,
				"AF68601D-35FD-42EA-8B54-460AD8AFDB8F" /* Ocean.cpp in Sources */,
				"9779628F-987C-43F1-BCF5-161B77E21EC6" /* Neighbor.cpp in Sources */,
				"BDC64731-A92E-4F82-9C3F-4D6FDCE6A6F2" /* Particle.cpp in Sources */,
				"A6EDC9BC-BDA8-4424-BC3E-22FF5341B1D8" /* ParticleSystem.cpp in Sources */,
				"7F7476B0-5950-4B3F-AC7C-8C1A46323C6E" /* Presence.cpp in Sources */,
				"22A826AA-C647-4F45-AB04-D6FFA73BFDC9" /* Shadow.cpp in Sources */,
				"ECB7646D-8418-497B-A7CE-F952CC2EF6A1" /* ofxBaseGui.cpp in Sources */,
				"AD331F92-3E8D-4D89-B871-49FFD8B93131" /* ofxButton.cpp in Sources */,
				"307254DF-7FEA-4C8F-999F-59A53FB1A9AF" /* ofxColorPicker.cpp in Sources */,
				"188A287E-662A-47A7-B852-CDEA2BE0AF9A" /* ofxGuiGroup.cpp in Sources */,
				"6E0103B6-1DA2-4922-9702-5FF0561D071D" /* ofxInputField.cpp in Sources */,
				"930988B5-0BC4-44D3-8056-B6BE88C3E50B" /* ofxLabel.cpp in Sources */,
				"B737EDA6-3B4C-4318-8445-F533D5792F15" /* ofxPanel.cpp in Sources */,
				"AF5BD9B1-C9E8-4A40-A11D-F66DF4B4FE00" /* ofxSlider.cpp in Sources */,
				"59B30C46-C2C8-4038-8B19-DC8DCCED7459" /* ofxSliderGroup.cpp in Sources */,
				"DBE9FF3B-2DEF-4CAE-B2D1-6B996F1F1A0C" /* ofxToggle.cpp in Sources */,
				"961980C0-4D7C-4CE2-A948-B42AC821AEB6" /* ofxNetworkUtils.cpp in Sources */,
				"171B0372-013A-420B-8C97-1E36D2038E2C" /* ofxTCPClient.cpp in Sources */,
				"2A2BC4B9-911A-4792-B640-ED35F67EB175" /* ofxTCPManager.cpp in Sources */,
				"D0BCE8E8-326D-4F36-9FD5-79A4B83C1A8A" /* ofxTCPServer.cpp in Sources */,
				"02FB7F0A-C059-4BB2-92AA-ED273B4502B6" /* ofxUDPManager.cpp in Sources */,
				"A0C20E4D-BFCF-40A5-B9BE-DB45943A551A" /* IpEndpointName.cpp in Sources */,
				"9F7D337D-C05E-4CEC-A1DD-2F5B096D0725" /* NetworkingUtils.cpp in Sources */,
				"609D2DAB-3231-4D5F-8E83-39DBEFB6B5F6" /* UdpSocket.cpp in Sources */,
				"66CA1E54-BAC8-4A24-9748-7B180ABCF9DE" /* OscOutboundPacketStream.cpp in Sources */,
				"3E8222D8-B6F6-465B-A089-7359134B25BC" /* OscPrintReceivedElements.cpp in Sources */,
				"79AFF8A6-2504-40D5-995A-1BBED7F65130" /* OscReceivedElements.cpp in Sources */,
				"750E740D-9E6C-4997-B66C-DE9EE2DEE356" /* OscTypes.cpp in Sources */,
				"2AD79144-1403-4E56-9E76-88CCF5AA5BB1" /* ofxOscBundle.cpp in Sources */,
				"838AAFDE-84A2-422F-9353-2869A891AEDB" /* ofxOscMessage.cpp in Sources */,
				"DEDA6ED5-0752-4C88-8A7C-E7ADED8CB46A" /* ofxOscParameterSync.cpp in Sources */,
				"32D1FE86-E099-4A80-8175-22F50DB1A966" /* ofxOscReceiver.cpp in Sources */,
				"AB7DC531-337B-4139-9806-18EED4CC924A" /* ofxOscSender.cpp in Sources */,
			);
			runOnlyForDeploymentPostprocessing = 0;
		};
/* End PBXSourcesBuildPhase section */

/* Begin XCBuildConfiguration section */
		E4B69B4E0A3A1720003C02F2 /* Debug */ = {
			isa = XCBuildConfiguration;
			baseConfigurationReference = E4EB6923138AFD0F00A09F29 /* Project.xcconfig */;
			buildSettings = {
				CODE_SIGN_ENTITLEMENTS = of.entitlements;
				COPY_PHASE_STRIP = NO;
				ENABLE_TESTABILITY = YES;
				GCC_OPTIMIZATION_LEVEL = 0;
				GCC_WARN_UNUSED_VARIABLE = NO;
				HEADER_SEARCH_PATHS = (
					"$(OF_CORE_HEADERS)",
					src,
				);
				OTHER_CPLUSPLUSFLAGS = "-D__MACOSX_CORE__";
			};
			name = Debug;
		};
		E4B69B4F0A3A1720003C02F2 /* Release */ = {
			isa = XCBuildConfiguration;
			baseConfigurationReference = E4EB6923138AFD0F00A09F29 /* Project.xcconfig */;
			buildSettings = {
				CODE_SIGN_ENTITLEMENTS = of.entitlements;
				COPY_PHASE_STRIP = YES;
				GCC_OPTIMIZATION_LEVEL = 3;
				GCC_UNROLL_LOOPS = YES;
				HEADER_SEARCH_PATHS = (
					"$(OF_CORE_HEADERS)",
					src,
				);
				OTHER_CPLUSPLUSFLAGS = "-D__MACOSX_CORE__";
			};
			name = Release;
		};
		E4B69B600A3A1757003C02F2 /* Debug */ = {
			isa = XCBuildConfiguration;
			baseConfigurationReference = E4EB6923138AFD0F00A09F29 /* Project.xcconfig */;
			buildSettings = {
				ARCHS = "$(ARCHS_STANDARD)";
				COPY_PHASE_STRIP = NO;
				FRAMEWORK_SEARCH_PATHS = "$(inherited)";
				GCC_DYNAMIC_NO_PIC = NO;
				HEADER_SEARCH_PATHS = (
					"$(OF_CORE_HEADERS)",
					src,
					src/FluidSimulation,
					src/Footfalls,
					src,
					src/Particles,
					../../../../addons/ofxGui/src,
					../../../../addons/ofxNetwork/src,
					../../../../addons/ofxOsc/libs,
					../../../../addons/ofxOsc/libs/oscpack,
					../../../../addons/ofxOsc/libs/oscpack/src,
					../../../../addons/ofxOsc/libs/oscpack/src/ip,
					../../../../addons/ofxOsc/libs/oscpack/src/ip/posix,
					../../../../addons/ofxOsc/libs/oscpack/src/osc,
					../../../../addons/ofxOsc/src,
					/opt/homebrew/Cellar/tbb/2022.1.0/include,
				);
				LIBRARY_SEARCH_PATHS = (
					"$(inherited)",
					/opt/homebrew/Cellar/tbb/2022.1.0/lib,
				);
				OTHER_LDFLAGS = (
					"$(OF_CORE_LIBS)",
					"$(OF_CORE_FRAMEWORKS)",
					"$(LIB_OF_DEBUG)",
					"-ltbb",
				);
			};
			name = Debug;
		};
		E4B69B610A3A1757003C02F2 /* Release */ = {
			isa = XCBuildConfiguration;
			baseConfigurationReference = E4EB6923138AFD0F00A09F29 /* Project.xcconfig */;
			buildSettings = {
				ARCHS = "$(ARCHS_STANDARD)";
				COPY_PHASE_STRIP = YES;
				FRAMEWORK_SEARCH_PATHS = "$(inherited)";
				HEADER_SEARCH_PATHS = (
					"$(OF_CORE_HEADERS)",
					src,
					src/FluidSimulation,
					src/Footfalls,
					src,
					src/Particles,
					../../../../addons/ofxGui/src,
					../../../../addons/ofxNetwork/src,
					../../../../addons/ofxOsc/libs,
					../../../../addons/ofxOsc/libs/oscpack,
					../../../../addons/ofxOsc/libs/oscpack/src,
					../../../../addons/ofxOsc/libs/oscpack/src/ip,
					../../../../addons/ofxOsc/libs/oscpack/src/ip/posix,
					../../../../addons/ofxOsc/libs/oscpack/src/osc,
					../../../../addons/ofxOsc/src,
					/opt/homebrew/Cellar/tbb/2022.1.0/include,
				);
				LIBRARY_SEARCH_PATHS = (
					"$(inherited)",
					/opt/homebrew/Cellar/tbb/2022.1.0/lib,
				);
				OTHER_LDFLAGS = (
					"$(OF_CORE_LIBS)",
					"$(OF_CORE_FRAMEWORKS)",
					"$(LIB_OF)",
					"-ltbb",
				);
				baseConfigurationReference = E4EB6923138AFD0F00A09F29;
			};
			name = Release;
		};
/* End XCBuildConfiguration section */

/* Begin XCConfigurationList section */
		E4B69B4D0A3A1720003C02F2 /* Build configuration list for PBXProject "messyFoggySpirals-ofx" */ = {
			isa = XCConfigurationList;
			buildConfigurations = (
				E4B69B4E0A3A1720003C02F2 /* Debug */,
				E4B69B4F0A3A1720003C02F2 /* Release */,
			);
			defaultConfigurationIsVisible = 0;
			defaultConfigurationName = Release;
		};
		E4B69B5F0A3A1757003C02F2 /* Build configuration list for PBXNativeTarget "messyFoggySpirals-ofx" */ = {
			isa = XCConfigurationList;
			buildConfigurations = (
				E4B69B600A3A1757003C02F2 /* Debug */,
				E4B69B610A3A1757003C02F2 /* Release */,
			);
			defaultConfigurationIsVisible = 0;
			defaultConfigurationName = Release;
		};
/* End XCConfigurationList section */
	};
	rootObject = E4B69B4C0A3A1720003C02F2 /* Project object */;
}
